
Microsoft Visual Studio Solution File, Format Version 12.00
# Visual Studio Version 16
VisualStudioVersion = 16.0.31729.503
MinimumVisualStudioVersion = 10.0.40219.1
Project("{FAE04EC0-301F-11D3-BF4B-00C04F79EFBC}") = "Euler65_ConvergentsOfe", "Euler65_ConvergentsOfe.csproj", "{B916339C-168B-4822-AF3C-338EB88F3C3D}"
EndProject
Project("{FAE04EC0-301F-11D3-BF4B-00C04F79EFBC}") = "Euler65_ConvergentsOfe.Tests", "..\ProjectEuler65_ConvergentsOfe.Tests\Euler65_ConvergentsOfe.Tests.csproj", "{B33E78FB-8A82-4174-B66D-C43269C8B46A}"
EndProject
Project("{FAE04EC0-301F-11D3-BF4B-00C04F79EFBC}") = "com.royware.RoyUtils", "..\..\RoyUtils\com.royware.RoyUtils\com.royware.RoyUtils.csproj", "{42897BAA-67CB-4A58-8DA4-0469E501D521}"
EndProject
Global
	GlobalSection(SolutionConfigurationPlatforms) = preSolution
		Debug|Any CPU = Debug|Any CPU
		Release|Any CPU = Release|Any CPU
	EndGlobalSection
	GlobalSection(ProjectConfigurationPlatforms) = postSolution
		{B916339C-168B-4822-AF3C-338EB88F3C3D}.Debug|Any CPU.ActiveCfg = Debug|Any CPU
		{B916339C-168B-4822-AF3C-338EB88F3C3D}.Debug|Any CPU.Build.0 = Debug|Any CPU
		{B916339C-168B-4822-AF3C-338EB88F3C3D}.Release|Any CPU.ActiveCfg = Release|Any CPU
		{B916339C-168B-4822-AF3C-338EB88F3C3D}.Release|Any CPU.Build.0 = Release|Any CPU
		{B33E78FB-8A82-4174-B66D-C43269C8B46A}.Debug|Any CPU.ActiveCfg = Debug|Any CPU
		{B33E78FB-8A82-4174-B66D-C43269C8B46A}.Debug|Any CPU.Build.0 = Debug|Any CPU
		{B33E78FB-8A82-4174-B66D-C43269C8B46A}.Release|Any CPU.ActiveCfg = Release|Any CPU
		{B33E78FB-8A82-4174-B66D-C43269C8B46A}.Release|Any CPU.Build.0 = Release|Any CPU
		{42897BAA-67CB-4A58-8DA4-0469E501D521}.Debug|Any CPU.ActiveCfg = Debug|Any CPU
		{42897BAA-67CB-4A58-8DA4-0469E501D521}.Debug|Any CPU.Build.0 = Debug|Any CPU
		{42897BAA-67CB-4A58-8DA4-0469E501D521}.Release|Any CPU.ActiveCfg = Release|Any CPU
		{42897BAA-67CB-4A58-8DA4-0469E501D521}.Release|Any CPU.Build.0 = Release|Any CPU
	EndGlobalSection
	GlobalSection(SolutionProperties) = preSolution
		HideSolutionNode = FALSE
	EndGlobalSection
	GlobalSection(ExtensibilityGlobals) = postSolution
		SolutionGuid = {0D7A9C40-7E37-4442-A306-C3BE88574AB1}
	EndGlobalSection
EndGlobal
