
Microsoft Visual Studio Solution File, Format Version 12.00
# Visual Studio Version 16
VisualStudioVersion = 16.0.31729.503
MinimumVisualStudioVersion = 10.0.40219.1
Project("{FAE04EC0-301F-11D3-BF4B-00C04F79EFBC}") = "Euler63_PowerfulDigitCounts", "Euler63_PowerfulDigitCounts.csproj", "{7124EBD0-D048-421A-B830-68485AACDC81}"
EndProject
Project("{FAE04EC0-301F-11D3-BF4B-00C04F79EFBC}") = "UtilsTests", "..\UtilsTests\UtilsTests.csproj", "{1D65E236-86D3-4645-B8DE-DB372960817A}"
EndProject
Global
	GlobalSection(SolutionConfigurationPlatforms) = preSolution
		Debug|Any CPU = Debug|Any CPU
		Release|Any CPU = Release|Any CPU
	EndGlobalSection
	GlobalSection(ProjectConfigurationPlatforms) = postSolution
		{7124EBD0-D048-421A-B830-68485AACDC81}.Debug|Any CPU.ActiveCfg = Debug|Any CPU
		{7124EBD0-D048-421A-B830-68485AACDC81}.Debug|Any CPU.Build.0 = Debug|Any CPU
		{7124EBD0-D048-421A-B830-68485AACDC81}.Release|Any CPU.ActiveCfg = Release|Any CPU
		{7124EBD0-D048-421A-B830-68485AACDC81}.Release|Any CPU.Build.0 = Release|Any CPU
		{1D65E236-86D3-4645-B8DE-DB372960817A}.Debug|Any CPU.ActiveCfg = Debug|Any CPU
		{1D65E236-86D3-4645-B8DE-DB372960817A}.Debug|Any CPU.Build.0 = Debug|Any CPU
		{1D65E236-86D3-4645-B8DE-DB372960817A}.Release|Any CPU.ActiveCfg = Release|Any CPU
		{1D65E236-86D3-4645-B8DE-DB372960817A}.Release|Any CPU.Build.0 = Release|Any CPU
	EndGlobalSection
	GlobalSection(SolutionProperties) = preSolution
		HideSolutionNode = FALSE
	EndGlobalSection
	GlobalSection(ExtensibilityGlobals) = postSolution
		SolutionGuid = {A4FD0406-3471-471E-97C6-E1BEBB92A475}
	EndGlobalSection
EndGlobal
