<<<<<<< HEAD
﻿
Microsoft Visual Studio Solution File, Format Version 12.00
# Visual Studio Version 16
VisualStudioVersion = 16.0.31729.503
MinimumVisualStudioVersion = 10.0.40219.1
Project("{FAE04EC0-301F-11D3-BF4B-00C04F79EFBC}") = "Euler60_PrimePairSets", "Euler60_PrimePairSets.csproj", "{CDF32260-7A2F-4D3B-88B2-ABBFC199AAB0}"
EndProject
Project("{9A19103F-16F7-4668-BE54-9A1E7A4F7556}") = "RoyUtils", "..\..\..\RoyUtils\RoyUtils\RoyUtils\RoyUtils.csproj", "{91536F85-3142-4D8D-9DA0-211DF9AA14E1}"
EndProject
Global
	GlobalSection(SolutionConfigurationPlatforms) = preSolution
		Debug|Any CPU = Debug|Any CPU
		Release|Any CPU = Release|Any CPU
	EndGlobalSection
	GlobalSection(ProjectConfigurationPlatforms) = postSolution
		{CDF32260-7A2F-4D3B-88B2-ABBFC199AAB0}.Debug|Any CPU.ActiveCfg = Debug|Any CPU
		{CDF32260-7A2F-4D3B-88B2-ABBFC199AAB0}.Debug|Any CPU.Build.0 = Debug|Any CPU
		{CDF32260-7A2F-4D3B-88B2-ABBFC199AAB0}.Release|Any CPU.ActiveCfg = Release|Any CPU
		{CDF32260-7A2F-4D3B-88B2-ABBFC199AAB0}.Release|Any CPU.Build.0 = Release|Any CPU
		{91536F85-3142-4D8D-9DA0-211DF9AA14E1}.Debug|Any CPU.ActiveCfg = Debug|Any CPU
		{91536F85-3142-4D8D-9DA0-211DF9AA14E1}.Debug|Any CPU.Build.0 = Debug|Any CPU
		{91536F85-3142-4D8D-9DA0-211DF9AA14E1}.Release|Any CPU.ActiveCfg = Release|Any CPU
		{91536F85-3142-4D8D-9DA0-211DF9AA14E1}.Release|Any CPU.Build.0 = Release|Any CPU
	EndGlobalSection
	GlobalSection(SolutionProperties) = preSolution
		HideSolutionNode = FALSE
	EndGlobalSection
	GlobalSection(ExtensibilityGlobals) = postSolution
		SolutionGuid = {2F70C404-CE27-4A33-AE41-7DBB531C3C77}
	EndGlobalSection
EndGlobal
=======
﻿
Microsoft Visual Studio Solution File, Format Version 12.00
# Visual Studio Version 16
VisualStudioVersion = 16.0.31729.503
MinimumVisualStudioVersion = 10.0.40219.1
Project("{FAE04EC0-301F-11D3-BF4B-00C04F79EFBC}") = "Euler60_PrimePairSets", "Euler60_PrimePairSets.csproj", "{CDF32260-7A2F-4D3B-88B2-ABBFC199AAB0}"
EndProject
Project("{9A19103F-16F7-4668-BE54-9A1E7A4F7556}") = "RoyUtils", "..\..\..\RoyUtils\RoyUtils\RoyUtils\RoyUtils.csproj", "{91536F85-3142-4D8D-9DA0-211DF9AA14E1}"
EndProject
Global
	GlobalSection(SolutionConfigurationPlatforms) = preSolution
		Debug|Any CPU = Debug|Any CPU
		Release|Any CPU = Release|Any CPU
	EndGlobalSection
	GlobalSection(ProjectConfigurationPlatforms) = postSolution
		{CDF32260-7A2F-4D3B-88B2-ABBFC199AAB0}.Debug|Any CPU.ActiveCfg = Debug|Any CPU
		{CDF32260-7A2F-4D3B-88B2-ABBFC199AAB0}.Debug|Any CPU.Build.0 = Debug|Any CPU
		{CDF32260-7A2F-4D3B-88B2-ABBFC199AAB0}.Release|Any CPU.ActiveCfg = Release|Any CPU
		{CDF32260-7A2F-4D3B-88B2-ABBFC199AAB0}.Release|Any CPU.Build.0 = Release|Any CPU
		{91536F85-3142-4D8D-9DA0-211DF9AA14E1}.Debug|Any CPU.ActiveCfg = Debug|Any CPU
		{91536F85-3142-4D8D-9DA0-211DF9AA14E1}.Debug|Any CPU.Build.0 = Debug|Any CPU
		{91536F85-3142-4D8D-9DA0-211DF9AA14E1}.Release|Any CPU.ActiveCfg = Release|Any CPU
		{91536F85-3142-4D8D-9DA0-211DF9AA14E1}.Release|Any CPU.Build.0 = Release|Any CPU
	EndGlobalSection
	GlobalSection(SolutionProperties) = preSolution
		HideSolutionNode = FALSE
	EndGlobalSection
	GlobalSection(ExtensibilityGlobals) = postSolution
		SolutionGuid = {2F70C404-CE27-4A33-AE41-7DBB531C3C77}
	EndGlobalSection
EndGlobal
>>>>>>> d9c22b24cd5f796081e701d17bd92728397709b4
