
Microsoft Visual Studio Solution File, Format Version 12.00
# Visual Studio Version 16
VisualStudioVersion = 16.0.31729.503
MinimumVisualStudioVersion = 10.0.40219.1
Project("{FAE04EC0-301F-11D3-BF4B-00C04F79EFBC}") = "Euler64_OddPeriodSquareRoots", "Euler64_OddPeriodSquareRoots.csproj", "{B5A733E3-8570-4050-A956-4FA1C757E446}"
EndProject
Project("{FAE04EC0-301F-11D3-BF4B-00C04F79EFBC}") = "Euler64_OddPeriodSquareRootsTests", "..\Euler64_OddPeriodSquareRootsTests\Euler64_OddPeriodSquareRootsTests.csproj", "{836C7DEE-EC7C-451D-9B08-F331316C4F4F}"
EndProject
Global
	GlobalSection(SolutionConfigurationPlatforms) = preSolution
		Debug|Any CPU = Debug|Any CPU
		Release|Any CPU = Release|Any CPU
	EndGlobalSection
	GlobalSection(ProjectConfigurationPlatforms) = postSolution
		{B5A733E3-8570-4050-A956-4FA1C757E446}.Debug|Any CPU.ActiveCfg = Debug|Any CPU
		{B5A733E3-8570-4050-A956-4FA1C757E446}.Debug|Any CPU.Build.0 = Debug|Any CPU
		{B5A733E3-8570-4050-A956-4FA1C757E446}.Release|Any CPU.ActiveCfg = Release|Any CPU
		{B5A733E3-8570-4050-A956-4FA1C757E446}.Release|Any CPU.Build.0 = Release|Any CPU
		{836C7DEE-EC7C-451D-9B08-F331316C4F4F}.Debug|Any CPU.ActiveCfg = Debug|Any CPU
		{836C7DEE-EC7C-451D-9B08-F331316C4F4F}.Debug|Any CPU.Build.0 = Debug|Any CPU
		{836C7DEE-EC7C-451D-9B08-F331316C4F4F}.Release|Any CPU.ActiveCfg = Release|Any CPU
		{836C7DEE-EC7C-451D-9B08-F331316C4F4F}.Release|Any CPU.Build.0 = Release|Any CPU
	EndGlobalSection
	GlobalSection(SolutionProperties) = preSolution
		HideSolutionNode = FALSE
	EndGlobalSection
	GlobalSection(ExtensibilityGlobals) = postSolution
		SolutionGuid = {444C540C-F991-455B-A50B-62DA5570776A}
	EndGlobalSection
EndGlobal
